// !$*UTF8*$!
{
	archiveVersion = 1;
	classes = {
	};
	objectVersion = 55;
	objects = {

/* Begin PBXBuildFile section */
		845E2AAB280ECCEE00B665DA /* AppDelegate.swift in Sources */ = {isa = PBXBuildFile; fileRef = 845E2AAA280ECCEE00B665DA /* AppDelegate.swift */; };
		845E2AAD280ECCEE00B665DA /* SceneDelegate.swift in Sources */ = {isa = PBXBuildFile; fileRef = 845E2AAC280ECCEE00B665DA /* SceneDelegate.swift */; };
		845E2AAF280ECCEE00B665DA /* ViewController.swift in Sources */ = {isa = PBXBuildFile; fileRef = 845E2AAE280ECCEE00B665DA /* ViewController.swift */; };
		845E2AB2280ECCEE00B665DA /* Main.storyboard in Resources */ = {isa = PBXBuildFile; fileRef = 845E2AB0280ECCEE00B665DA /* Main.storyboard */; };
		845E2AB4280ECCF100B665DA /* Assets.xcassets in Resources */ = {isa = PBXBuildFile; fileRef = 845E2AB3280ECCF100B665DA /* Assets.xcassets */; };
		845E2AB7280ECCF100B665DA /* LaunchScreen.storyboard in Resources */ = {isa = PBXBuildFile; fileRef = 845E2AB5280ECCF100B665DA /* LaunchScreen.storyboard */; };
		845E2AC0280ECDC100B665DA /* SwiftyJSON in Frameworks */ = {isa = PBXBuildFile; productRef = 845E2ABF280ECDC100B665DA /* SwiftyJSON */; };
		845E2AC3280ECEBC00B665DA /* Alamofire in Frameworks */ = {isa = PBXBuildFile; productRef = 845E2AC2280ECEBC00B665DA /* Alamofire */; };
/* End PBXBuildFile section */

/* Begin PBXFileReference section */
		845E2AA7280ECCEE00B665DA /* URLProj.app */ = {isa = PBXFileReference; explicitFileType = wrapper.application; includeInIndex = 0; path = URLProj.app; sourceTree = BUILT_PRODUCTS_DIR; };
		845E2AAA280ECCEE00B665DA /* AppDelegate.swift */ = {isa = PBXFileReference; lastKnownFileType = sourcecode.swift; path = AppDelegate.swift; sourceTree = "<group>"; };
		845E2AAC280ECCEE00B665DA /* SceneDelegate.swift */ = {isa = PBXFileReference; lastKnownFileType = sourcecode.swift; path = SceneDelegate.swift; sourceTree = "<group>"; };
		845E2AAE280ECCEE00B665DA /* ViewController.swift */ = {isa = PBXFileReference; lastKnownFileType = sourcecode.swift; path = ViewController.swift; sourceTree = "<group>"; };
		845E2AB1280ECCEE00B665DA /* Base */ = {isa = PBXFileReference; lastKnownFileType = file.storyboard; name = Base; path = Base.lproj/Main.storyboard; sourceTree = "<group>"; };
		845E2AB3280ECCF100B665DA /* Assets.xcassets */ = {isa = PBXFileReference; lastKnownFileType = folder.assetcatalog; path = Assets.xcassets; sourceTree = "<group>"; };
		845E2AB6280ECCF100B665DA /* Base */ = {isa = PBXFileReference; lastKnownFileType = file.storyboard; name = Base; path = Base.lproj/LaunchScreen.storyboard; sourceTree = "<group>"; };
		845E2AB8280ECCF100B665DA /* Info.plist */ = {isa = PBXFileReference; lastKnownFileType = text.plist.xml; path = Info.plist; sourceTree = "<group>"; };
/* End PBXFileReference section */

/* Begin PBXFrameworksBuildPhase section */
		845E2AA4280ECCEE00B665DA /* Frameworks */ = {
			isa = PBXFrameworksBuildPhase;
			buildActionMask = 2147483647;
			files = (
				845E2AC0280ECDC100B665DA /* SwiftyJSON in Frameworks */,
				845E2AC3280ECEBC00B665DA /* Alamofire in Frameworks */,
			);
			runOnlyForDeploymentPostprocessing = 0;
		};
/* End PBXFrameworksBuildPhase section */

/* Begin PBXGroup section */
		845E2A9E280ECCEE00B665DA = {
			isa = PBXGroup;
			children = (
				845E2AA9280ECCEE00B665DA /* URLProj */,
				845E2AA8280ECCEE00B665DA /* Products */,
			);
			sourceTree = "<group>";
		};
		845E2AA8280ECCEE00B665DA /* Products */ = {
			isa = PBXGroup;
			children = (
				845E2AA7280ECCEE00B665DA /* URLProj.app */,
			);
			name = Products;
			sourceTree = "<group>";
		};
		845E2AA9280ECCEE00B665DA /* URLProj */ = {
			isa = PBXGroup;
			children = (
				845E2AAA280ECCEE00B665DA /* AppDelegate.swift */,
				845E2AAC280ECCEE00B665DA /* SceneDelegate.swift */,
				845E2AAE280ECCEE00B665DA /* ViewController.swift */,
				845E2AB0280ECCEE00B665DA /* Main.storyboard */,
				845E2AB3280ECCF100B665DA /* Assets.xcassets */,
				845E2AB5280ECCF100B665DA /* LaunchScreen.storyboard */,
				845E2AB8280ECCF100B665DA /* Info.plist */,
			);
			path = URLProj;
			sourceTree = "<group>";
		};
/* End PBXGroup section */

/* Begin PBXNativeTarget section */
		845E2AA6280ECCEE00B665DA /* URLProj */ = {
			isa = PBXNativeTarget;
			buildConfigurationList = 845E2ABB280ECCF100B665DA /* Build configuration list for PBXNativeTarget "URLProj" */;
			buildPhases = (
				845E2AA3280ECCEE00B665DA /* Sources */,
				845E2AA4280ECCEE00B665DA /* Frameworks */,
				845E2AA5280ECCEE00B665DA /* Resources */,
			);
			buildRules = (
			);
			dependencies = (
			);
			name = URLProj;
			packageProductDependencies = (
				845E2ABF280ECDC100B665DA /* SwiftyJSON */,
				845E2AC2280ECEBC00B665DA /* Alamofire */,
			);
			productName = URLProj;
			productReference = 845E2AA7280ECCEE00B665DA /* URLProj.app */;
			productType = "com.apple.product-type.application";
		};
/* End PBXNativeTarget section */

/* Begin PBXProject section */
		845E2A9F280ECCEE00B665DA /* Project object */ = {
			isa = PBXProject;
			attributes = {
				BuildIndependentTargetsInParallel = 1;
				LastSwiftUpdateCheck = 1320;
				LastUpgradeCheck = 1320;
				TargetAttributes = {
					845E2AA6280ECCEE00B665DA = {
						CreatedOnToolsVersion = 13.2.1;
					};
				};
			};
			buildConfigurationList = 845E2AA2280ECCEE00B665DA /* Build configuration list for PBXProject "URLProj" */;
			compatibilityVersion = "Xcode 13.0";
			developmentRegion = en;
			hasScannedForEncodings = 0;
			knownRegions = (
				en,
				Base,
			);
			mainGroup = 845E2A9E280ECCEE00B665DA;
			packageReferences = (
				845E2ABE280ECDC100B665DA /* XCRemoteSwiftPackageReference "SwiftyJSON" */,
				845E2AC1280ECEBC00B665DA /* XCRemoteSwiftPackageReference "Alamofire" */,
			);
			productRefGroup = 845E2AA8280ECCEE00B665DA /* Products */;
			projectDirPath = "";
			projectRoot = "";
			targets = (
				845E2AA6280ECCEE00B665DA /* URLProj */,
			);
		};
/* End PBXProject section */

/* Begin PBXResourcesBuildPhase section */
		845E2AA5280ECCEE00B665DA /* Resources */ = {
			isa = PBXResourcesBuildPhase;
			buildActionMask = 2147483647;
			files = (
				845E2AB7280ECCF100B665DA /* LaunchScreen.storyboard in Resources */,
				845E2AB4280ECCF100B665DA /* Assets.xcassets in Resources */,
				845E2AB2280ECCEE00B665DA /* Main.storyboard in Resources */,
			);
			runOnlyForDeploymentPostprocessing = 0;
		};
/* End PBXResourcesBuildPhase section */

/* Begin PBXSourcesBuildPhase section */
		845E2AA3280ECCEE00B665DA /* Sources */ = {
			isa = PBXSourcesBuildPhase;
			buildActionMask = 2147483647;
			files = (
				845E2AAF280ECCEE00B665DA /* ViewController.swift in Sources */,
				845E2AAB280ECCEE00B665DA /* AppDelegate.swift in Sources */,
				845E2AAD280ECCEE00B665DA /* SceneDelegate.swift in Sources */,
			);
			runOnlyForDeploymentPostprocessing = 0;
		};
/* End PBXSourcesBuildPhase section */

/* Begin PBXVariantGroup section */
		845E2AB0280ECCEE00B665DA /* Main.storyboard */ = {
			isa = PBXVariantGroup;
			children = (
				845E2AB1280ECCEE00B665DA /* Base */,
			);
			name = Main.storyboard;
			sourceTree = "<group>";
		};
		845E2AB5280ECCF100B665DA /* LaunchScreen.storyboard */ = {
			isa = PBXVariantGroup;
			children = (
				845E2AB6280ECCF100B665DA /* Base */,
			);
			name = LaunchScreen.storyboard;
			sourceTree = "<group>";
		};
/* End PBXVariantGroup section */

/* Begin XCBuildConfiguration section */
		845E2AB9280ECCF100B665DA /* Debug */ = {
			isa = XCBuildConfiguration;
			buildSettings = {
				ALWAYS_SEARCH_USER_PATHS = NO;
				CLANG_ANALYZER_NONNULL = YES;
				CLANG_ANALYZER_NUMBER_OBJECT_CONVERSION = YES_AGGRESSIVE;
				CLANG_CXX_LANGUAGE_STANDARD = "gnu++17";
				CLANG_CXX_LIBRARY = "libc++";
				CLANG_ENABLE_MODULES = YES;
				CLANG_ENABLE_OBJC_ARC = YES;
				CLANG_ENABLE_OBJC_WEAK = YES;
				CLANG_WARN_BLOCK_CAPTURE_AUTORELEASING = YES;
				CLANG_WARN_BOOL_CONVERSION = YES;
				CLANG_WARN_COMMA = YES;
				CLANG_WARN_CONSTANT_CONVERSION = YES;
				CLANG_WARN_DEPRECATED_OBJC_IMPLEMENTATIONS = YES;
				CLANG_WARN_DIRECT_OBJC_ISA_USAGE = YES_ERROR;
				CLANG_WARN_DOCUMENTATION_COMMENTS = YES;
				CLANG_WARN_EMPTY_BODY = YES;
				CLANG_WARN_ENUM_CONVERSION = YES;
				CLANG_WARN_INFINITE_RECURSION = YES;
				CLANG_WARN_INT_CONVERSION = YES;
				CLANG_WARN_NON_LITERAL_NULL_CONVERSION = YES;
				CLANG_WARN_OBJC_IMPLICIT_RETAIN_SELF = YES;
				CLANG_WARN_OBJC_LITERAL_CONVERSION = YES;
				CLANG_WARN_OBJC_ROOT_CLASS = YES_ERROR;
				CLANG_WARN_QUOTED_INCLUDE_IN_FRAMEWORK_HEADER = YES;
				CLANG_WARN_RANGE_LOOP_ANALYSIS = YES;
				CLANG_WARN_STRICT_PROTOTYPES = YES;
				CLANG_WARN_SUSPICIOUS_MOVE = YES;
				CLANG_WARN_UNGUARDED_AVAILABILITY = YES_AGGRESSIVE;
				CLANG_WARN_UNREACHABLE_CODE = YES;
				CLANG_WARN__DUPLICATE_METHOD_MATCH = YES;
				COPY_PHASE_STRIP = NO;
				DEBUG_INFORMATION_FORMAT = dwarf;
				ENABLE_STRICT_OBJC_MSGSEND = YES;
				ENABLE_TESTABILITY = YES;
				GCC_C_LANGUAGE_STANDARD = gnu11;
				GCC_DYNAMIC_NO_PIC = NO;
				GCC_NO_COMMON_BLOCKS = YES;
				GCC_OPTIMIZATION_LEVEL = 0;
				GCC_PREPROCESSOR_DEFINITIONS = (
					"DEBUG=1",
					"$(inherited)",
				);
				GCC_WARN_64_TO_32_BIT_CONVERSION = YES;
				GCC_WARN_ABOUT_RETURN_TYPE = YES_ERROR;
				GCC_WARN_UNDECLARED_SELECTOR = YES;
				GCC_WARN_UNINITIALIZED_AUTOS = YES_AGGRESSIVE;
				GCC_WARN_UNUSED_FUNCTION = YES;
				GCC_WARN_UNUSED_VARIABLE = YES;
				IPHONEOS_DEPLOYMENT_TARGET = 15.2;
				MTL_ENABLE_DEBUG_INFO = INCLUDE_SOURCE;
				MTL_FAST_MATH = YES;
				ONLY_ACTIVE_ARCH = YES;
				SDKROOT = iphoneos;
				SWIFT_ACTIVE_COMPILATION_CONDITIONS = DEBUG;
				SWIFT_OPTIMIZATION_LEVEL = "-Onone";
			};
			name = Debug;
		};
		845E2ABA280ECCF100B665DA /* Release */ = {
			isa = XCBuildConfiguration;
			buildSettings = {
				ALWAYS_SEARCH_USER_PATHS = NO;
				CLANG_ANALYZER_NONNULL = YES;
				CLANG_ANALYZER_NUMBER_OBJECT_CONVERSION = YES_AGGRESSIVE;
				CLANG_CXX_LANGUAGE_STANDARD = "gnu++17";
				CLANG_CXX_LIBRARY = "libc++";
				CLANG_ENABLE_MODULES = YES;
				CLANG_ENABLE_OBJC_ARC = YES;
				CLANG_ENABLE_OBJC_WEAK = YES;
				CLANG_WARN_BLOCK_CAPTURE_AUTORELEASING = YES;
				CLANG_WARN_BOOL_CONVERSION = YES;
				CLANG_WARN_COMMA = YES;
				CLANG_WARN_CONSTANT_CONVERSION = YES;
				CLANG_WARN_DEPRECATED_OBJC_IMPLEMENTATIONS = YES;
				CLANG_WARN_DIRECT_OBJC_ISA_USAGE = YES_ERROR;
				CLANG_WARN_DOCUMENTATION_COMMENTS = YES;
				CLANG_WARN_EMPTY_BODY = YES;
				CLANG_WARN_ENUM_CONVERSION = YES;
				CLANG_WARN_INFINITE_RECURSION = YES;
				CLANG_WARN_INT_CONVERSION = YES;
				CLANG_WARN_NON_LITERAL_NULL_CONVERSION = YES;
				CLANG_WARN_OBJC_IMPLICIT_RETAIN_SELF = YES;
				CLANG_WARN_OBJC_LITERAL_CONVERSION = YES;
				CLANG_WARN_OBJC_ROOT_CLASS = YES_ERROR;
				CLANG_WARN_QUOTED_INCLUDE_IN_FRAMEWORK_HEADER = YES;
				CLANG_WARN_RANGE_LOOP_ANALYSIS = YES;
				CLANG_WARN_STRICT_PROTOTYPES = YES;
				CLANG_WARN_SUSPICIOUS_MOVE = YES;
				CLANG_WARN_UNGUARDED_AVAILABILITY = YES_AGGRESSIVE;
				CLANG_WARN_UNREACHABLE_CODE = YES;
				CLANG_WARN__DUPLICATE_METHOD_MATCH = YES;
				COPY_PHASE_STRIP = NO;
				DEBUG_INFORMATION_FORMAT = "dwarf-with-dsym";
				ENABLE_NS_ASSERTIONS = NO;
				ENABLE_STRICT_OBJC_MSGSEND = YES;
				GCC_C_LANGUAGE_STANDARD = gnu11;
				GCC_NO_COMMON_BLOCKS = YES;
				GCC_WARN_64_TO_32_BIT_CONVERSION = YES;
				GCC_WARN_ABOUT_RETURN_TYPE = YES_ERROR;
				GCC_WARN_UNDECLARED_SELECTOR = YES;
				GCC_WARN_UNINITIALIZED_AUTOS = YES_AGGRESSIVE;
				GCC_WARN_UNUSED_FUNCTION = YES;
				GCC_WARN_UNUSED_VARIABLE = YES;
				IPHONEOS_DEPLOYMENT_TARGET = 15.2;
				MTL_ENABLE_DEBUG_INFO = NO;
				MTL_FAST_MATH = YES;
				SDKROOT = iphoneos;
				SWIFT_COMPILATION_MODE = wholemodule;
				SWIFT_OPTIMIZATION_LEVEL = "-O";
				VALIDATE_PRODUCT = YES;
			};
			name = Release;
		};
		845E2ABC280ECCF100B665DA /* Debug */ = {
			isa = XCBuildConfiguration;
			buildSettings = {
				ASSETCATALOG_COMPILER_APPICON_NAME = AppIcon;
				ASSETCATALOG_COMPILER_GLOBAL_ACCENT_COLOR_NAME = AccentColor;
				CODE_SIGN_STYLE = Automatic;
				CURRENT_PROJECT_VERSION = 1;
				DEVELOPMENT_TEAM = C988ZQMU3K;
				GENERATE_INFOPLIST_FILE = YES;
				INFOPLIST_FILE = URLProj/Info.plist;
				INFOPLIST_KEY_UIApplicationSupportsIndirectInputEvents = YES;
				INFOPLIST_KEY_UILaunchStoryboardName = LaunchScreen;
				INFOPLIST_KEY_UIMainStoryboardFile = Main;
				INFOPLIST_KEY_UISupportedInterfaceOrientations_iPad = "UIInterfaceOrientationPortrait UIInterfaceOrientationPortraitUpsideDown UIInterfaceOrientationLandscapeLeft UIInterfaceOrientationLandscapeRight";
				INFOPLIST_KEY_UISupportedInterfaceOrientations_iPhone = "UIInterfaceOrientationPortrait UIInterfaceOrientationLandscapeLeft UIInterfaceOrientationLandscapeRight";
				LD_RUNPATH_SEARCH_PATHS = (
					"$(inherited)",
					"@executable_path/Frameworks",
				);
				MARKETING_VERSION = 1.0;
				PRODUCT_BUNDLE_IDENTIFIER = by.kirillFasevich.URLProj;
				PRODUCT_NAME = "$(TARGET_NAME)";
				SWIFT_EMIT_LOC_STRINGS = YES;
				SWIFT_VERSION = 5.0;
				TARGETED_DEVICE_FAMILY = "1,2";
			};
			name = Debug;
		};
		845E2ABD280ECCF100B665DA /* Release */ = {
			isa = XCBuildConfiguration;
			buildSettings = {
				ASSETCATALOG_COMPILER_APPICON_NAME = AppIcon;
				ASSETCATALOG_COMPILER_GLOBAL_ACCENT_COLOR_NAME = AccentColor;
				CODE_SIGN_STYLE = Automatic;
				CURRENT_PROJECT_VERSION = 1;
				DEVELOPMENT_TEAM = C988ZQMU3K;
				GENERATE_INFOPLIST_FILE = YES;
				INFOPLIST_FILE = URLProj/Info.plist;
				INFOPLIST_KEY_UIApplicationSupportsIndirectInputEvents = YES;
				INFOPLIST_KEY_UILaunchStoryboardName = LaunchScreen;
				INFOPLIST_KEY_UIMainStoryboardFile = Main;
				INFOPLIST_KEY_UISupportedInterfaceOrientations_iPad = "UIInterfaceOrientationPortrait UIInterfaceOrientationPortraitUpsideDown UIInterfaceOrientationLandscapeLeft UIInterfaceOrientationLandscapeRight";
				INFOPLIST_KEY_UISupportedInterfaceOrientations_iPhone = "UIInterfaceOrientationPortrait UIInterfaceOrientationLandscapeLeft UIInterfaceOrientationLandscapeRight";
				LD_RUNPATH_SEARCH_PATHS = (
					"$(inherited)",
					"@executable_path/Frameworks",
				);
				MARKETING_VERSION = 1.0;
				PRODUCT_BUNDLE_IDENTIFIER = by.kirillFasevich.URLProj;
				PRODUCT_NAME = "$(TARGET_NAME)";
				SWIFT_EMIT_LOC_STRINGS = YES;
				SWIFT_VERSION = 5.0;
				TARGETED_DEVICE_FAMILY = "1,2";
			};
			name = Release;
		};
/* End XCBuildConfiguration section */

/* Begin XCConfigurationList section */
		845E2AA2280ECCEE00B665DA /* Build configuration list for PBXProject "URLProj" */ = {
			isa = XCConfigurationList;
			buildConfigurations = (
				845E2AB9280ECCF100B665DA /* Debug */,
				845E2ABA280ECCF100B665DA /* Release */,
			);
			defaultConfigurationIsVisible = 0;
			defaultConfigurationName = Release;
		};
		845E2ABB280ECCF100B665DA /* Build configuration list for PBXNativeTarget "URLProj" */ = {
			isa = XCConfigurationList;
			buildConfigurations = (
				845E2ABC280ECCF100B665DA /* Debug */,
				845E2ABD280ECCF100B665DA /* Release */,
			);
			defaultConfigurationIsVisible = 0;
			defaultConfigurationName = Release;
		};
/* End XCConfigurationList section */

/* Begin XCRemoteSwiftPackageReference section */
		845E2ABE280ECDC100B665DA /* XCRemoteSwiftPackageReference "SwiftyJSON" */ = {
			isa = XCRemoteSwiftPackageReference;
			repositoryURL = "https://github.com/SwiftyJSON/SwiftyJSON.git";
			requirement = {
				kind = upToNextMajorVersion;
				minimumVersion = 5.0.0;
			};
		};
		845E2AC1280ECEBC00B665DA /* XCRemoteSwiftPackageReference "Alamofire" */ = {
			isa = XCRemoteSwiftPackageReference;
			repositoryURL = "https://github.com/Alamofire/Alamofire.git";
			requirement = {
				kind = upToNextMajorVersion;
				minimumVersion = 5.0.0;
			};
		};
/* End XCRemoteSwiftPackageReference section */

/* Begin XCSwiftPackageProductDependency section */
		845E2ABF280ECDC100B665DA /* SwiftyJSON */ = {
			isa = XCSwiftPackageProductDependency;
			package = 845E2ABE280ECDC100B665DA /* XCRemoteSwiftPackageReference "SwiftyJSON" */;
			productName = SwiftyJSON;
		};
		845E2AC2280ECEBC00B665DA /* Alamofire */ = {
			isa = XCSwiftPackageProductDependency;
			package = 845E2AC1280ECEBC00B665DA /* XCRemoteSwiftPackageReference "Alamofire" */;
			productName = Alamofire;
		};
/* End XCSwiftPackageProductDependency section */
	};
	rootObject = 845E2A9F280ECCEE00B665DA /* Project object */;
}
